
Microsoft Visual Studio Solution File, Format Version 12.00
# Visual Studio Version 17
VisualStudioVersion = 17.5.002.0
MinimumVisualStudioVersion = 10.0.40219.1
Project("{2150E333-8FDC-42A3-9474-1A3956D46DE8}") = "CleanArch", "CleanArch", "{4C373C90-FE7D-436C-BD8D-8BE5DA46DDC5}"
EndProject
Project("{9A19103F-16F7-4668-BE54-9A1E7A4F7556}") = "CleanArch.Application", "CleanArch\CleanArch.Application\CleanArch.Application.csproj", "{D7264BC3-E600-45D7-AA17-D2B4E6F47BA5}"
EndProject
Project("{9A19103F-16F7-4668-BE54-9A1E7A4F7556}") = "CleanArch.Domain", "CleanArch\CleanArch.Domain\CleanArch.Domain.csproj", "{3FBEB3EB-561F-4FD5-92A2-664B6A165D63}"
EndProject
Project("{9A19103F-16F7-4668-BE54-9A1E7A4F7556}") = "CleanArch.Infra.Data", "CleanArch\CleanArch.Infra.Data\CleanArch.Infra.Data.csproj", "{FC79FEFF-E612-490D-92FF-5DE7FA1CC2F1}"
EndProject
Project("{9A19103F-16F7-4668-BE54-9A1E7A4F7556}") = "CleanArch.Infra.IoC", "CleanArch\CleanArch.Infra.IoC\CleanArch.Infra.IoC.csproj", "{B4E8327C-0ADF-4CF1-A8FF-87FD071D3CEB}"
EndProject
Project("{9A19103F-16F7-4668-BE54-9A1E7A4F7556}") = "CleanArch.MVC", "CleanArch\CleanArch.MVC\CleanArch.MVC.csproj", "{EA4829EF-B4DB-4BDB-9871-2A80E89E8A81}"
EndProject
Global
	GlobalSection(SolutionConfigurationPlatforms) = preSolution
		Debug|Any CPU = Debug|Any CPU
		Release|Any CPU = Release|Any CPU
	EndGlobalSection
	GlobalSection(ProjectConfigurationPlatforms) = postSolution
		{D7264BC3-E600-45D7-AA17-D2B4E6F47BA5}.Debug|Any CPU.ActiveCfg = Debug|Any CPU
		{D7264BC3-E600-45D7-AA17-D2B4E6F47BA5}.Debug|Any CPU.Build.0 = Debug|Any CPU
		{D7264BC3-E600-45D7-AA17-D2B4E6F47BA5}.Release|Any CPU.ActiveCfg = Release|Any CPU
		{D7264BC3-E600-45D7-AA17-D2B4E6F47BA5}.Release|Any CPU.Build.0 = Release|Any CPU
		{3FBEB3EB-561F-4FD5-92A2-664B6A165D63}.Debug|Any CPU.ActiveCfg = Debug|Any CPU
		{3FBEB3EB-561F-4FD5-92A2-664B6A165D63}.Debug|Any CPU.Build.0 = Debug|Any CPU
		{3FBEB3EB-561F-4FD5-92A2-664B6A165D63}.Release|Any CPU.ActiveCfg = Release|Any CPU
		{3FBEB3EB-561F-4FD5-92A2-664B6A165D63}.Release|Any CPU.Build.0 = Release|Any CPU
		{FC79FEFF-E612-490D-92FF-5DE7FA1CC2F1}.Debug|Any CPU.ActiveCfg = Debug|Any CPU
		{FC79FEFF-E612-490D-92FF-5DE7FA1CC2F1}.Debug|Any CPU.Build.0 = Debug|Any CPU
		{FC79FEFF-E612-490D-92FF-5DE7FA1CC2F1}.Release|Any CPU.ActiveCfg = Release|Any CPU
		{FC79FEFF-E612-490D-92FF-5DE7FA1CC2F1}.Release|Any CPU.Build.0 = Release|Any CPU
		{B4E8327C-0ADF-4CF1-A8FF-87FD071D3CEB}.Debug|Any CPU.ActiveCfg = Debug|Any CPU
		{B4E8327C-0ADF-4CF1-A8FF-87FD071D3CEB}.Debug|Any CPU.Build.0 = Debug|Any CPU
		{B4E8327C-0ADF-4CF1-A8FF-87FD071D3CEB}.Release|Any CPU.ActiveCfg = Release|Any CPU
		{B4E8327C-0ADF-4CF1-A8FF-87FD071D3CEB}.Release|Any CPU.Build.0 = Release|Any CPU
		{EA4829EF-B4DB-4BDB-9871-2A80E89E8A81}.Debug|Any CPU.ActiveCfg = Debug|Any CPU
		{EA4829EF-B4DB-4BDB-9871-2A80E89E8A81}.Debug|Any CPU.Build.0 = Debug|Any CPU
		{EA4829EF-B4DB-4BDB-9871-2A80E89E8A81}.Release|Any CPU.ActiveCfg = Release|Any CPU
		{EA4829EF-B4DB-4BDB-9871-2A80E89E8A81}.Release|Any CPU.Build.0 = Release|Any CPU
	EndGlobalSection
	GlobalSection(SolutionProperties) = preSolution
		HideSolutionNode = FALSE
	EndGlobalSection
	GlobalSection(NestedProjects) = preSolution
		{D7264BC3-E600-45D7-AA17-D2B4E6F47BA5} = {4C373C90-FE7D-436C-BD8D-8BE5DA46DDC5}
		{3FBEB3EB-561F-4FD5-92A2-664B6A165D63} = {4C373C90-FE7D-436C-BD8D-8BE5DA46DDC5}
		{FC79FEFF-E612-490D-92FF-5DE7FA1CC2F1} = {4C373C90-FE7D-436C-BD8D-8BE5DA46DDC5}
		{B4E8327C-0ADF-4CF1-A8FF-87FD071D3CEB} = {4C373C90-FE7D-436C-BD8D-8BE5DA46DDC5}
		{EA4829EF-B4DB-4BDB-9871-2A80E89E8A81} = {4C373C90-FE7D-436C-BD8D-8BE5DA46DDC5}
	EndGlobalSection
	GlobalSection(ExtensibilityGlobals) = postSolution
		SolutionGuid = {38723E07-FE09-4399-961C-6E38E4400232}
	EndGlobalSection
EndGlobal
